<?xml version="1.0" encoding="utf-8"?>
<Project ToolsVersion="4.0" xmlns="http://schemas.microsoft.com/developer/msbuild/2003">
  <ItemGroup>
    <Filter Include="Source Files">
      <UniqueIdentifier>{2c38faaa-2446-4039-93ce-8bd50d9a383f}</UniqueIdentifier>
      <Extensions>cpp</Extensions>
    </Filter>
    <Filter Include="Header Files">
      <UniqueIdentifier>{86007a42-a529-4b6a-9ba3-a17e3e63b253}</UniqueIdentifier>
      <Extensions>h</Extensions>
    </Filter>
    <Filter Include="Resources">
      <UniqueIdentifier>{f6b23979-7f2a-4d04-8360-8c61ed6dfd40}</UniqueIdentifier>
    </Filter>
    <Filter Include="Resources\Scripts">
      <UniqueIdentifier>{84560578-983a-477c-bb75-0a82429a4ac4}</UniqueIdentifier>
      <Extensions>mel</Extensions>
    </Filter>
    <Filter Include="Resources\Python">
      <UniqueIdentifier>{5143e4a5-aab0-43fc-9835-30fe53195cee}</UniqueIdentifier>
      <Extensions>py</Extensions>
    </Filter>
    <Filter Include="Resources\Icons">
      <UniqueIdentifier>{7503cf04-1022-43af-ae46-600fbc2388ee}</UniqueIdentifier>
      <Extensions>png</Extensions>
    </Filter>
    <Filter Include="Materials">
      <UniqueIdentifier>{25bd7f0f-4f53-4d26-a607-e8c964ac1af8}</UniqueIdentifier>
    </Filter>
    <Filter Include="docs">
      <UniqueIdentifier>{0cb281da-088f-431c-aec0-1ea65cd8178c}</UniqueIdentifier>
    </Filter>
    <Filter Include="Resources\Shelfs">
      <UniqueIdentifier>{1e4ead09-1cdf-46d4-ab42-d8698ac90d3f}</UniqueIdentifier>
    </Filter>
    <Filter Include="Commands">
      <UniqueIdentifier>{529e1b8a-1382-4531-8dab-093a8d195958}</UniqueIdentifier>
    </Filter>
    <Filter Include="AOVs">
      <UniqueIdentifier>{93ee02a9-5915-43b3-99f4-5815f56352b4}</UniqueIdentifier>
    </Filter>
    <Filter Include="Viewport">
      <UniqueIdentifier>{b2126bbb-8b08-4a1b-9b5b-8e7e8496e073}</UniqueIdentifier>
    </Filter>
    <Filter Include="Resources\Shaders">
      <UniqueIdentifier>{fbe00327-5c17-425a-8290-a5e0d74f8817}</UniqueIdentifier>
    </Filter>
    <Filter Include="IPR">
      <UniqueIdentifier>{e751a07e-90b1-4938-8d1c-87a678185f5a}</UniqueIdentifier>
    </Filter>
    <Filter Include="Resources\Icons\Shelf">
      <UniqueIdentifier>{907232ca-1017-4443-8ee3-5a2aef9f3c2e}</UniqueIdentifier>
    </Filter>
    <Filter Include="Environment">
      <UniqueIdentifier>{ff5e5c44-e31f-4e1d-9a6a-a5d73852597b}</UniqueIdentifier>
    </Filter>
    <Filter Include="Utils">
      <UniqueIdentifier>{9fb31e8e-1db9-4a25-9173-7ca685986d5c}</UniqueIdentifier>
    </Filter>
    <Filter Include="Hosek">
      <UniqueIdentifier>{5a9743b7-e730-4e37-bd0b-ed886596a93a}</UniqueIdentifier>
    </Filter>
    <Filter Include="FireRender.Components">
      <UniqueIdentifier>{9d98f002-58da-4936-8799-d32d1060b91d}</UniqueIdentifier>
    </Filter>
    <Filter Include="FireRender.Components\IESLight">
      <UniqueIdentifier>{a8b053cd-2eeb-4bea-a6be-aeb76ea2640d}</UniqueIdentifier>
    </Filter>
    <Filter Include="Resources\Scripts\AttributeEditorTemplates">
      <UniqueIdentifier>{c3527e75-96bc-4665-a6c5-d24dc1665482}</UniqueIdentifier>
    </Filter>
    <Filter Include="Lights">
      <UniqueIdentifier>{c8a856f7-c3bf-463e-a9f2-63b0f38277fe}</UniqueIdentifier>
    </Filter>
    <Filter Include="Lights\IES">
      <UniqueIdentifier>{6cba0e1d-36a2-4dba-8c3b-af914f20e7e6}</UniqueIdentifier>
    </Filter>
    <Filter Include="Lights\PhysicalLight">
      <UniqueIdentifier>{11342f44-7b0b-475f-86f2-d9fb8bf2570f}</UniqueIdentifier>
    </Filter>
    <Filter Include="FireRender.Components\Denoiser">
      <UniqueIdentifier>{3faa1ebe-5f43-4cfb-801a-0c7d34b193d6}</UniqueIdentifier>
    </Filter>
    <Filter Include="Translators">
      <UniqueIdentifier>{7f5c5908-8883-4630-8c8c-4b46eb28a428}</UniqueIdentifier>
    </Filter>
    <Filter Include="FireRender.Components\SunPosition">
      <UniqueIdentifier>{2acf3efc-8879-4fd4-9dc0-433ef564c459}</UniqueIdentifier>
    </Filter>
    <Filter Include="FireRender.Components\XMLExport">
      <UniqueIdentifier>{ebf1f528-6976-43ce-90f5-e1f600942a2a}</UniqueIdentifier>
    </Filter>
    <Filter Include="Volumes">
      <UniqueIdentifier>{8051baa7-7050-4c7d-bdb3-a94342e67a51}</UniqueIdentifier>
    </Filter>
    <Filter Include="FireRender.Components\Athena">
      <UniqueIdentifier>{68f03f08-dbf6-4e3e-855b-05a097cbb1d1}</UniqueIdentifier>
    </Filter>
    <Filter Include="Context">
      <UniqueIdentifier>{5a678c45-fabd-4caa-9d3d-d4229be4ab68}</UniqueIdentifier>
    </Filter>
    <Filter Include="MayaStandardNodesSupport">
      <UniqueIdentifier>{4691976c-14e4-49e6-a828-972389286dd3}</UniqueIdentifier>
    </Filter>
    <Filter Include="FireRender.Components\Utils">
      <UniqueIdentifier>{71f57e19-1856-44ee-87d1-3f9b603bc501}</UniqueIdentifier>
    </Filter>
    <Filter Include="FireRender.Components\Alembic">
      <UniqueIdentifier>{2c6f0ce5-b6e0-4427-989d-c4a997e950d5}</UniqueIdentifier>
    </Filter>
  </ItemGroup>
  <ItemGroup>
    <None Include="python\__init__.py">
      <Filter>Resources\Python</Filter>
    </None>
    <None Include="python\fireRender\__init__.py">
      <Filter>Resources\Python</Filter>
    </None>
    <None Include="python\fireRender\fireRenderMenu.py">
      <Filter>Resources\Python</Filter>
    </None>
    <None Include="python\fireRender\fireRenderUtils.py">
      <Filter>Resources\Python</Filter>
    </None>
    <None Include="python\fireRender\renderViewUtils.py">
      <Filter>Resources\Python</Filter>
    </None>
    <None Include="python\fireRender\vrayUtils.py">
      <Filter>Resources\Python</Filter>
    </None>
    <None Include="scripts\createFireRenderCommonGlobalsTab.mel">
      <Filter>Resources\Scripts</Filter>
    </None>
    <None Include="scripts\createFireRenderGlobalsTab.mel">
      <Filter>Resources\Scripts</Filter>
    </None>
    <None Include="scripts\fireRenderBatch.mel">
      <Filter>Resources\Scripts</Filter>
    </None>
    <None Include="scripts\fireRenderIpr.mel">
      <Filter>Resources\Scripts</Filter>
    </None>
    <None Include="scripts\fireRenderUpdateAE.mel">
      <Filter>Resources\Scripts</Filter>
    </None>
    <None Include="scripts\setupFireRenderNodeClassification.mel">
      <Filter>Resources\Scripts</Filter>
    </None>
    <None Include="icons\amd.xpm">
      <Filter>Resources\Icons</Filter>
    </None>
    <None Include="Shelfs\shelf_Radeon_ProRender.mel">
      <Filter>Resources\Shelfs</Filter>
    </None>
    <None Include="frMaya.module" />
    <None Include="python\fireRender\rpr_material_browser.py">
      <Filter>Resources\Python</Filter>
    </None>
    <None Include="shaders\rprBlitColor.ogsfx">
      <Filter>Resources\Shaders</Filter>
    </None>
    <None Include="shaders\rprBlitColorGL.cgfx">
      <Filter>Resources\Shaders</Filter>
    </None>
    <None Include="scripts\AboutAndCopyright.html">
      <Filter>Resources\Scripts</Filter>
    </None>
    <None Include="scripts\common.mel">
      <Filter>Resources\Scripts</Filter>
    </None>
    <None Include="python\fireRender\rpr_location_selector.py">
      <Filter>Resources\Python</Filter>
    </None>
    <None Include="scripts\fireRenderEnvironment.mel">
      <Filter>Resources\Scripts</Filter>
    </None>
    <None Include="scripts\shelfCommands.mel">
      <Filter>Resources\Scripts</Filter>
    </None>
    <None Include="scripts\AERPRAddMaterialTemplate.mel">
      <Filter>Resources\Scripts\AttributeEditorTemplates</Filter>
    </None>
    <None Include="scripts\AERPRBlendMaterialTemplate.mel">
      <Filter>Resources\Scripts\AttributeEditorTemplates</Filter>
    </None>
    <None Include="scripts\AERPRGlobalsTemplate.mel">
      <Filter>Resources\Scripts\AttributeEditorTemplates</Filter>
    </None>
    <None Include="scripts\AERPRIBLTemplate.mel">
      <Filter>Resources\Scripts\AttributeEditorTemplates</Filter>
    </None>
    <None Include="scripts\AERPRMaterialTemplate.mel">
      <Filter>Resources\Scripts\AttributeEditorTemplates</Filter>
    </None>
    <None Include="scripts\AERPRSkyTemplate.mel">
      <Filter>Resources\Scripts\AttributeEditorTemplates</Filter>
    </None>
    <None Include="scripts\AERPRSubsurfaceMaterialTemplate.mel">
      <Filter>Resources\Scripts\AttributeEditorTemplates</Filter>
    </None>
    <None Include="scripts\AERPRUberMaterialTemplate.mel">
      <Filter>Resources\Scripts\AttributeEditorTemplates</Filter>
    </None>
    <None Include="scripts\AERPRVolumeMaterialTemplate.mel">
      <Filter>Resources\Scripts\AttributeEditorTemplates</Filter>
    </None>
    <None Include="scripts\AERPRIESTemplate.mel">
      <Filter>Resources\Scripts\AttributeEditorTemplates</Filter>
    </None>
    <None Include="scripts\AERPRPBRMaterialTemplate.mel">
      <Filter>Resources\Scripts\AttributeEditorTemplates</Filter>
    </None>
    <None Include="scripts\AERPRPhysicalLightTemplate.mel">
      <Filter>Resources\Scripts\AttributeEditorTemplates</Filter>
    </None>
    <None Include="scripts\physicalLightScripts.mel">
      <Filter>Resources\Scripts</Filter>
    </None>
    <None Include="scripts\rprUnifiedRenderGlobalsWindow201800.mel">
      <Filter>Resources\Scripts</Filter>
    </None>
    <None Include="scripts\rprUnifiedRenderGlobalsWindow201900.mel">
      <Filter>Resources\Scripts</Filter>
    </None>
    <None Include="scripts\rprUnifiedRenderGlobalsWindow202000.mel">
      <Filter>Resources\Scripts</Filter>
    </None>
  </ItemGroup>
  <ItemGroup>
    <ClCompile Include="pluginMain.cpp">
      <Filter>Source Files</Filter>
    </ClCompile>
    <ClCompile Include="FireRenderMaterialSwatchRender.cpp">
      <Filter>Source Files</Filter>
    </ClCompile>
    <ClCompile Include="FireMaterialViewRenderer.cpp">
      <Filter>Source Files</Filter>
    </ClCompile>
    <ClCompile Include="FireRenderObjects.cpp">
      <Filter>Source Files</Filter>
    </ClCompile>
    <ClCompile Include="ShadersManager.cpp">
      <Filter>Source Files</Filter>
    </ClCompile>
    <ClCompile Include="FireRenderBlendMaterial.cpp">
      <Filter>Materials</Filter>
    </ClCompile>
    <ClCompile Include="FireRenderChecker.cpp">
      <Filter>Materials</Filter>
    </ClCompile>
    <ClCompile Include="FireRenderFresnel.cpp">
      <Filter>Materials</Filter>
    </ClCompile>
    <ClCompile Include="FireRenderMaterial.cpp">
      <Filter>Materials</Filter>
    </ClCompile>
    <ClCompile Include="FireRenderStandardMaterial.cpp">
      <Filter>Materials</Filter>
    </ClCompile>
    <ClCompile Include="FireMaya.cpp">
      <Filter>Source Files</Filter>
    </ClCompile>
    <ClCompile Include="FireRenderArithmetic.cpp">
      <Filter>Materials</Filter>
    </ClCompile>
    <ClCompile Include="FireRenderBlendValue.cpp">
      <Filter>Materials</Filter>
    </ClCompile>
    <ClCompile Include="FireRenderGradient.cpp">
      <Filter>Materials</Filter>
    </ClCompile>
    <ClCompile Include="FireRenderLookup.cpp">
      <Filter>Materials</Filter>
    </ClCompile>
    <ClCompile Include="FireRenderDot.cpp">
      <Filter>Materials</Filter>
    </ClCompile>
    <ClCompile Include="FireRenderTexture.cpp">
      <Filter>Materials</Filter>
    </ClCompile>
    <ClCompile Include="FireRenderFresnelSchlick.cpp">
      <Filter>Materials</Filter>
    </ClCompile>
    <ClCompile Include="FireRenderNoise.cpp">
      <Filter>Materials</Filter>
    </ClCompile>
    <ClCompile Include="FireRenderPassthrough.cpp">
      <Filter>Materials</Filter>
    </ClCompile>
    <ClCompile Include="FireRenderBump.cpp">
      <Filter>Materials</Filter>
    </ClCompile>
    <ClCompile Include="FireRenderNormal.cpp">
      <Filter>Materials</Filter>
    </ClCompile>
    <ClCompile Include="MaterialLoader.cpp">
      <Filter>Source Files</Filter>
    </ClCompile>
    <ClCompile Include="FireRenderSurfaceOverride.cpp">
      <Filter>Source Files</Filter>
    </ClCompile>
    <ClCompile Include="frWrap.cpp">
      <Filter>Source Files</Filter>
    </ClCompile>
    <ClCompile Include="FireRenderBlendOverride.cpp">
      <Filter>Source Files</Filter>
    </ClCompile>
    <ClCompile Include="FireRenderCmd.cpp">
      <Filter>Commands</Filter>
    </ClCompile>
    <ClCompile Include="FireRenderExportCmd.cpp">
      <Filter>Commands</Filter>
    </ClCompile>
    <ClCompile Include="FireRenderImportCmd.cpp">
      <Filter>Commands</Filter>
    </ClCompile>
    <ClCompile Include="FireRenderViewportCmd.cpp">
      <Filter>Commands</Filter>
    </ClCompile>
    <ClCompile Include="FireRenderImportExportXML.cpp">
      <Filter>Commands</Filter>
    </ClCompile>
    <ClCompile Include="RenderProgressBars.cpp">
      <Filter>Commands</Filter>
    </ClCompile>
    <ClCompile Include="FireRenderGlobals.cpp">
      <Filter>Source Files</Filter>
    </ClCompile>
    <ClCompile Include="FireRenderAOV.cpp">
      <Filter>AOVs</Filter>
    </ClCompile>
    <ClCompile Include="FireRenderAOVs.cpp">
      <Filter>AOVs</Filter>
    </ClCompile>
    <ClCompile Include="FireRenderViewport.cpp">
      <Filter>Viewport</Filter>
    </ClCompile>
    <ClCompile Include="FireRenderOverride.cpp">
      <Filter>Viewport</Filter>
    </ClCompile>
    <ClCompile Include="FireRenderViewportManager.cpp">
      <Filter>Viewport</Filter>
    </ClCompile>
    <ClCompile Include="FireRenderViewportBlit.cpp">
      <Filter>Viewport</Filter>
    </ClCompile>
    <ClCompile Include="FireRenderTextureCache.cpp">
      <Filter>Viewport</Filter>
    </ClCompile>
    <ClCompile Include="FireRenderIpr.cpp">
      <Filter>IPR</Filter>
    </ClCompile>
    <ClCompile Include="FireRenderViewportUI.cpp">
      <Filter>Viewport</Filter>
    </ClCompile>
    <ClCompile Include="FireRenderVolumeMaterial.cpp">
      <Filter>Materials</Filter>
    </ClCompile>
    <ClCompile Include="FireRenderTransparentMaterial.cpp">
      <Filter>Materials</Filter>
    </ClCompile>
    <ClCompile Include="FireRenderIBL.cpp">
      <Filter>Environment</Filter>
    </ClCompile>
    <ClCompile Include="FireRenderLocationCmd.cpp">
      <Filter>Environment</Filter>
    </ClCompile>
    <ClCompile Include="FireRenderSkyLocator.cpp">
      <Filter>Environment</Filter>
    </ClCompile>
    <ClCompile Include="SkyAttributes.cpp">
      <Filter>Environment</Filter>
    </ClCompile>
    <ClCompile Include="SkyBuilder.cpp">
      <Filter>Environment</Filter>
    </ClCompile>
    <ClCompile Include="SkyGen.cpp">
      <Filter>Environment</Filter>
    </ClCompile>
    <ClCompile Include="SkyLocatorMesh.cpp">
      <Filter>Environment</Filter>
    </ClCompile>
    <ClCompile Include="FireRenderViewportOperation.cpp">
      <Filter>Viewport</Filter>
    </ClCompile>
    <ClCompile Include="FireRenderUtils.cpp">
      <Filter>Utils</Filter>
    </ClCompile>
    <ClCompile Include="FireRenderError.cpp">
      <Filter>Utils</Filter>
    </ClCompile>
    <ClCompile Include="DependencyNode.cpp">
      <Filter>Utils</Filter>
    </ClCompile>
    <ClCompile Include="FileSystemUtils.cpp">
      <Filter>Utils</Filter>
    </ClCompile>
    <ClCompile Include="FireRenderImageUtil.cpp">
      <Filter>Utils</Filter>
    </ClCompile>
    <ClCompile Include="VRay.cpp">
      <Filter>Source Files</Filter>
    </ClCompile>
    <ClCompile Include="FireRenderConvertVRayCmd.cpp">
      <Filter>Commands</Filter>
    </ClCompile>
    <ClCompile Include="RenderCacheWarningDialog.cpp">
      <Filter>Commands</Filter>
    </ClCompile>
    <ClCompile Include="FireRenderThread.cpp">
      <Filter>Source Files</Filter>
    </ClCompile>
    <ClCompile Include="FireRenderDisplacement.cpp">
      <Filter>Materials</Filter>
    </ClCompile>
    <ClCompile Include="RenderStamp.cpp">
      <Filter>Source Files</Filter>
    </ClCompile>
    <ClCompile Include="FireRenderEnvironmentLight.cpp">
      <Filter>Environment</Filter>
    </ClCompile>
    <ClCompile Include="SubsurfaceMaterial.cpp">
      <Filter>Materials</Filter>
    </ClCompile>
    <ClCompile Include="FireRenderImageComparing.cpp">
      <Filter>Commands</Filter>
    </ClCompile>
    <ClCompile Include="FireRenderProduction.cpp">
      <Filter>Source Files</Filter>
    </ClCompile>
    <ClCompile Include="Hosek\ArHosekSkyModel.cpp">
      <Filter>Hosek</Filter>
    </ClCompile>
    <ClCompile Include="FireRenderShadowCatcherMaterial.cpp">
      <Filter>Materials</Filter>
    </ClCompile>
    <ClCompile Include="RprComposite.cpp">
      <Filter>Source Files</Filter>
    </ClCompile>
    <ClCompile Include="GLTFTranslator.cpp">
      <Filter>Source Files</Filter>
    </ClCompile>
    <ClCompile Include="FireRenderPBRMaterial.cpp">
      <Filter>Materials</Filter>
    </ClCompile>
    <ClCompile Include="Lights\IES\FireRenderIESLight.cpp">
      <Filter>Lights\IES</Filter>
    </ClCompile>
    <ClCompile Include="Lights\IES\IESLightLocatorMesh.cpp">
      <Filter>Lights\IES</Filter>
    </ClCompile>
    <ClCompile Include="Lights\PhysicalLight\FireRenderPhysicalLightLocator.cpp">
      <Filter>Lights\PhysicalLight</Filter>
    </ClCompile>
    <ClCompile Include="Lights\PhysicalLight\FireRenderPhysicalOverride.cpp">
      <Filter>Lights\PhysicalLight</Filter>
    </ClCompile>
    <ClCompile Include="Lights\PhysicalLight\PhysicalLightGeometryUtility.cpp">
      <Filter>Lights\PhysicalLight</Filter>
    </ClCompile>
    <ClCompile Include="Lights\PhysicalLight\PhysicalLightAttributes.cpp">
      <Filter>Lights\PhysicalLight</Filter>
    </ClCompile>
    <ClCompile Include="Lights\PhysicalLight\PhysicalLightData.cpp">
      <Filter>Lights\PhysicalLight</Filter>
    </ClCompile>
    <ClCompile Include="Translators\Translators.cpp">
      <Filter>Translators</Filter>
    </ClCompile>
    <ClCompile Include="Translators\MeshTranslator.cpp">
      <Filter>Translators</Filter>
    </ClCompile>
    <ClCompile Include="FireRenderAO.cpp">
      <Filter>Materials</Filter>
    </ClCompile>
    <ClCompile Include="OptionVarHelpers.cpp">
      <Filter>Source Files</Filter>
    </ClCompile>
    <ClCompile Include="FireRenderImportXML.cpp">
      <Filter>Commands</Filter>
    </ClCompile>
    <ClCompile Include="FireRenderSwatchInstance.cpp">
      <Filter>Source Files</Filter>
    </ClCompile>
    <ClCompile Include="Volumes\FireRenderVolumeLocator.cpp">
      <Filter>Volumes</Filter>
    </ClCompile>
    <ClCompile Include="Volumes\FireRenderVolumeOverride.cpp">
      <Filter>Volumes</Filter>
    </ClCompile>
    <ClCompile Include="Volumes\VolumeAttributes.cpp">
      <Filter>Volumes</Filter>
    </ClCompile>
    <ClCompile Include="FastNoise.cpp">
      <Filter>Utils</Filter>
    </ClCompile>
    <ClCompile Include="TileRenderer.cpp">
      <Filter>Source Files</Filter>
    </ClCompile>
    <ClCompile Include="FireRenderVolume.cpp">
      <Filter>Source Files</Filter>
    </ClCompile>
    <ClCompile Include="RenderStampUtils.cpp">
      <Filter>Source Files</Filter>
    </ClCompile>
    <ClCompile Include="EnableSaveIntermediateCmd.cpp">
      <Filter>Commands</Filter>
    </ClCompile>
    <ClCompile Include="GlobalRenderUtilsDataHolder.cpp">
      <Filter>Utils</Filter>
    </ClCompile>
    <ClCompile Include="athenaCmd.cpp">
      <Filter>Source Files</Filter>
    </ClCompile>
    <ClCompile Include="FireRenderMeshMASH.cpp">
      <Filter>Source Files</Filter>
    </ClCompile>
    <ClCompile Include="Context\HybridContext.cpp">
      <Filter>Context</Filter>
    </ClCompile>
    <ClCompile Include="Context\TahoeContext.cpp">
      <Filter>Context</Filter>
    </ClCompile>
    <ClCompile Include="Context\ContextCreator.cpp">
      <Filter>Context</Filter>
    </ClCompile>
    <ClCompile Include="StartupContextChecker.cpp">
      <Filter>Utils</Filter>
    </ClCompile>
    <ClCompile Include="athenaSystemInfo_Win.cpp">
      <Filter>Utils</Filter>
    </ClCompile>
    <ClCompile Include="InstancerMASH.cpp">
      <Filter>Source Files</Filter>
    </ClCompile>
    <ClCompile Include="Context\FireRenderContext.cpp">
      <Filter>Context</Filter>
    </ClCompile>
    <ClCompile Include="FireRenderLayeredTextureUtils.cpp">
      <Filter>Utils</Filter>
    </ClCompile>
    <ClCompile Include="Translators\MultipleShaderMeshTranslator.cpp">
      <Filter>Translators</Filter>
    </ClCompile>
    <ClCompile Include="Translators\SingleShaderMeshTranslator.cpp">
      <Filter>Translators</Filter>
    </ClCompile>
    <ClCompile Include="MayaStandardNodesSupport\AddDoubleLinearConverter.cpp">
      <Filter>MayaStandardNodesSupport</Filter>
    </ClCompile>
    <ClCompile Include="MayaStandardNodesSupport\BaseConverter.cpp">
      <Filter>MayaStandardNodesSupport</Filter>
    </ClCompile>
    <ClCompile Include="MayaStandardNodesSupport\BlendColorsConverter.cpp">
      <Filter>MayaStandardNodesSupport</Filter>
    </ClCompile>
    <ClCompile Include="MayaStandardNodesSupport\Bump2dConverter.cpp">
      <Filter>MayaStandardNodesSupport</Filter>
    </ClCompile>
    <ClCompile Include="MayaStandardNodesSupport\ContrastConverter.cpp">
      <Filter>MayaStandardNodesSupport</Filter>
    </ClCompile>
    <ClCompile Include="MayaStandardNodesSupport\FileNodeConverter.cpp">
      <Filter>MayaStandardNodesSupport</Filter>
    </ClCompile>
    <ClCompile Include="MayaStandardNodesSupport\MultDoubleLinearConverter.cpp">
      <Filter>MayaStandardNodesSupport</Filter>
    </ClCompile>
    <ClCompile Include="MayaStandardNodesSupport\MultiplyDivideConverter.cpp">
      <Filter>MayaStandardNodesSupport</Filter>
    </ClCompile>
    <ClCompile Include="MayaStandardNodesSupport\NodeCheckerConverter.cpp">
      <Filter>MayaStandardNodesSupport</Filter>
    </ClCompile>
    <ClCompile Include="MayaStandardNodesSupport\NodeConverterUtil.cpp">
      <Filter>MayaStandardNodesSupport</Filter>
    </ClCompile>
    <ClCompile Include="MayaStandardNodesSupport\NoiseConverter.cpp">
      <Filter>MayaStandardNodesSupport</Filter>
    </ClCompile>
    <ClCompile Include="MayaStandardNodesSupport\Place2dTextureConverter.cpp">
      <Filter>MayaStandardNodesSupport</Filter>
    </ClCompile>
    <ClCompile Include="MayaStandardNodesSupport\PlusMinusAverageConverter.cpp">
      <Filter>MayaStandardNodesSupport</Filter>
    </ClCompile>
    <ClCompile Include="MayaStandardNodesSupport\ReverseMapConverter.cpp">
      <Filter>MayaStandardNodesSupport</Filter>
    </ClCompile>
    <ClCompile Include="MayaStandardNodesSupport\VectorProductConverter.cpp">
      <Filter>MayaStandardNodesSupport</Filter>
    </ClCompile>
    <ClCompile Include="MayaStandardNodesSupport\RampNodeConverter.cpp">
      <Filter>MayaStandardNodesSupport</Filter>
    </ClCompile>
    <ClCompile Include="MayaStandardNodesSupport\GammaCorrectConverter.cpp">
      <Filter>MayaStandardNodesSupport</Filter>
    </ClCompile>
    <ClCompile Include="MayaStandardNodesSupport\RemapHSVConverter.cpp">
      <Filter>MayaStandardNodesSupport</Filter>
    </ClCompile>
    <ClCompile Include="MayaStandardNodesSupport\BlendTwoAttrConverter.cpp">
      <Filter>MayaStandardNodesSupport</Filter>
    </ClCompile>
    <ClCompile Include="MayaStandardNodesSupport\ClampConverter.cpp">
      <Filter>MayaStandardNodesSupport</Filter>
    </ClCompile>
    <ClCompile Include="MayaStandardNodesSupport\ColorMathConverter.cpp">
      <Filter>MayaStandardNodesSupport</Filter>
    </ClCompile>
    <ClCompile Include="MayaStandardNodesSupport\HSVToRGBConverter.cpp">
      <Filter>MayaStandardNodesSupport</Filter>
    </ClCompile>
    <ClCompile Include="MayaStandardNodesSupport\RGBToHSVConverter.cpp">
      <Filter>MayaStandardNodesSupport</Filter>
    </ClCompile>
    <ClCompile Include="MayaStandardNodesSupport\ProjectionNodeConverter.cpp">
      <Filter>MayaStandardNodesSupport</Filter>
    </ClCompile>
    <ClCompile Include="..\RadeonProRenderSDK\RadeonProRender\inc\Math\half.cpp">
      <Filter>Source Files</Filter>
    </ClCompile>
    <ClCompile Include="..\RadeonProRenderSDK\RadeonProRender\rprTools\RPRStringIDMapper.cpp">
      <Filter>Source Files</Filter>
    </ClCompile>
    <ClCompile Include="..\RadeonProRenderSDK\RadeonProRender\rprTools\RprTools.cpp">
      <Filter>Source Files</Filter>
    </ClCompile>
    <ClCompile Include="RadeonProRender.cpp">
      <Filter>Source Files</Filter>
    </ClCompile>
    <ClCompile Include="FireRenderHairs.cpp">
      <Filter>Source Files</Filter>
    </ClCompile>
    <ClCompile Include="..\RadeonProRenderSharedComponents\src\Athena\athenaWrap.cpp">
      <Filter>Source Files</Filter>
    </ClCompile>
    <ClCompile Include="..\RadeonProRenderSharedComponents\src\SunPosition\SPA.cpp">
      <Filter>Source Files</Filter>
    </ClCompile>
    <ClCompile Include="..\RadeonProRenderSharedComponents\src\IESLight\IESLightRepresentationCalc.cpp">
      <Filter>Source Files</Filter>
    </ClCompile>
    <ClCompile Include="..\RadeonProRenderSharedComponents\src\IESLight\IESprocessor.cpp">
      <Filter>Source Files</Filter>
    </ClCompile>
    <ClCompile Include="..\RadeonProRenderSharedComponents\src\ImageFilter\ImageFilter.cpp">
      <Filter>Source Files</Filter>
    </ClCompile>
    <ClCompile Include="..\RadeonProRenderSharedComponents\src\Utils\Utils.cpp">
      <Filter>Source Files</Filter>
    </ClCompile>
    <ClCompile Include="..\RadeonProRenderSharedComponents\src\XMLMaterialExport\XMLMaterialExportCommon.cpp">
      <Filter>Source Files</Filter>
    </ClCompile>
    <ClCompile Include="Lights\FireRenderLightCommon.cpp">
      <Filter>Lights</Filter>
    </ClCompile>
    <ClCompile Include="MayaStandardNodesSupport\RemapValueConverter.cpp">
      <Filter>MayaStandardNodesSupport</Filter>
    </ClCompile>
    <ClCompile Include="MayaStandardNodesSupport\NodeProcessingUtils.cpp">
      <Filter>MayaStandardNodesSupport</Filter>
    </ClCompile>
    <ClCompile Include="MayaStandardNodesSupport\SetRangeConverter.cpp">
      <Filter>MayaStandardNodesSupport</Filter>
    </ClCompile>
    <ClCompile Include="CompositeWrapper.cpp">
      <Filter>Source Files</Filter>
    </ClCompile>
    <ClCompile Include="FireRenderGPUCache.cpp">
      <Filter>Source Files</Filter>
    </ClCompile>
    <ClCompile Include="..\RadeonProRenderSharedComponents\src\Alembic\AlembicWrapper.cpp">
      <Filter>Source Files</Filter>
    </ClCompile>
    <ClCompile Include="NorthStarRenderingHelper.cpp">
      <Filter>Source Files</Filter>
    </ClCompile>
    <ClCompile Include="AnimationExporter.cpp">
      <Filter>Source Files</Filter>
    </ClCompile>
    <ClCompile Include="RenderViewUpdater.cpp">
      <Filter>Source Files</Filter>
    </ClCompile>
    <ClCompile Include="FireRenderToonMaterial.cpp">
      <Filter>Materials</Filter>
    </ClCompile>
    <ClCompile Include="ViewportTexture.cpp">
      <Filter>Source Files</Filter>
    </ClCompile>
    <ClCompile Include="FireRenderVoronoi.cpp">
      <Filter>Materials</Filter>
    </ClCompile>
    <ClCompile Include="Context\HybridProContext.cpp">
      <Filter>Context</Filter>
    </ClCompile>
    <ClCompile Include="FireRenderRamp.cpp">
      <Filter>Source Files</Filter>
    </ClCompile>
    <ClCompile Include="FireRenderBevel.cpp">
      <Filter>Source Files</Filter>
    </ClCompile>
    <ClCompile Include="FireRenderDoublesided.cpp">
      <Filter>Source Files</Filter>
    </ClCompile>
    <ClCompile Include="FireRenderMaterialXMaterial.cpp">
      <Filter>Source Files</Filter>
    </ClCompile>
    <ClCompile Include="FireRenderImportMaterialX.cpp">
      <Filter>Source Files</Filter>
    </ClCompile>
  </ItemGroup>
  <ItemGroup>
    <ClInclude Include="FireRenderMaterialSwatchRender.h">
      <Filter>Header Files</Filter>
    </ClInclude>
    <ClInclude Include="FireMaterialViewRenderer.h">
      <Filter>Header Files</Filter>
    </ClInclude>
    <ClInclude Include="FireRenderObjects.h">
      <Filter>Header Files</Filter>
    </ClInclude>
    <ClInclude Include="ShadersManager.h">
      <Filter>Header Files</Filter>
    </ClInclude>
    <ClInclude Include="base_mesh.h">
      <Filter>Header Files</Filter>
    </ClInclude>
    <ClInclude Include="FireRenderBlendMaterial.h">
      <Filter>Materials</Filter>
    </ClInclude>
    <ClInclude Include="FireRenderChecker.h">
      <Filter>Materials</Filter>
    </ClInclude>
    <ClInclude Include="FireRenderFresnel.h">
      <Filter>Materials</Filter>
    </ClInclude>
    <ClInclude Include="FireRenderMaterial.h">
      <Filter>Materials</Filter>
    </ClInclude>
    <ClInclude Include="FireRenderStandardMaterial.h">
      <Filter>Materials</Filter>
    </ClInclude>
    <ClInclude Include="frWrap.h">
      <Filter>Header Files</Filter>
    </ClInclude>
    <ClInclude Include="FireMaya.h">
      <Filter>Header Files</Filter>
    </ClInclude>
    <ClInclude Include="FireRenderArithmetic.h">
      <Filter>Materials</Filter>
    </ClInclude>
    <ClInclude Include="FireRenderBlendValue.h">
      <Filter>Materials</Filter>
    </ClInclude>
    <ClInclude Include="FireRenderGradient.h">
      <Filter>Materials</Filter>
    </ClInclude>
    <ClInclude Include="FireRenderLookup.h">
      <Filter>Materials</Filter>
    </ClInclude>
    <ClInclude Include="FireRenderDot.h">
      <Filter>Materials</Filter>
    </ClInclude>
    <ClInclude Include="FireRenderTexture.h">
      <Filter>Materials</Filter>
    </ClInclude>
    <ClInclude Include="FireRenderFresnelSchlick.h">
      <Filter>Materials</Filter>
    </ClInclude>
    <ClInclude Include="resource.h">
      <Filter>Header Files</Filter>
    </ClInclude>
    <ClInclude Include="FireRenderNoise.h">
      <Filter>Materials</Filter>
    </ClInclude>
    <ClInclude Include="FireRenderPassthrough.h">
      <Filter>Materials</Filter>
    </ClInclude>
    <ClInclude Include="FireRenderBump.h">
      <Filter>Materials</Filter>
    </ClInclude>
    <ClInclude Include="FireRenderNormal.h">
      <Filter>Materials</Filter>
    </ClInclude>
    <ClInclude Include="MaterialLoader.h">
      <Filter>Header Files</Filter>
    </ClInclude>
    <ClInclude Include="common.h">
      <Filter>Header Files</Filter>
    </ClInclude>
    <ClInclude Include="FireRenderSurfaceOverride.h">
      <Filter>Source Files</Filter>
    </ClInclude>
    <ClInclude Include="FireRenderBlendOverride.h">
      <Filter>Source Files</Filter>
    </ClInclude>
    <ClInclude Include="FireRenderCmd.h">
      <Filter>Commands</Filter>
    </ClInclude>
    <ClInclude Include="FireRenderImportCmd.h">
      <Filter>Commands</Filter>
    </ClInclude>
    <ClInclude Include="FireRenderExportCmd.h">
      <Filter>Commands</Filter>
    </ClInclude>
    <ClInclude Include="FireRenderViewportCmd.h">
      <Filter>Commands</Filter>
    </ClInclude>
    <ClInclude Include="FireRenderImportExportXML.h">
      <Filter>Commands</Filter>
    </ClInclude>
    <ClInclude Include="RenderProgressBars.h">
      <Filter>Commands</Filter>
    </ClInclude>
    <ClInclude Include="FireRenderGlobals.h">
      <Filter>Header Files</Filter>
    </ClInclude>
    <ClInclude Include="FireRenderAOV.h">
      <Filter>AOVs</Filter>
    </ClInclude>
    <ClInclude Include="FireRenderAOVs.h">
      <Filter>AOVs</Filter>
    </ClInclude>
    <ClInclude Include="RenderRegion.h">
      <Filter>Header Files</Filter>
    </ClInclude>
    <ClInclude Include="FireRenderOverride.h">
      <Filter>Viewport</Filter>
    </ClInclude>
    <ClInclude Include="FireRenderViewport.h">
      <Filter>Viewport</Filter>
    </ClInclude>
    <ClInclude Include="FireRenderViewportManager.h">
      <Filter>Viewport</Filter>
    </ClInclude>
    <ClInclude Include="FireRenderViewportBlit.h">
      <Filter>Viewport</Filter>
    </ClInclude>
    <ClInclude Include="FireRenderTextureCache.h">
      <Filter>Viewport</Filter>
    </ClInclude>
    <ClInclude Include="FireRenderIpr.h">
      <Filter>IPR</Filter>
    </ClInclude>
    <ClInclude Include="FireRenderViewportUI.h">
      <Filter>Viewport</Filter>
    </ClInclude>
    <ClInclude Include="FireRenderVolumeMaterial.h">
      <Filter>Materials</Filter>
    </ClInclude>
    <ClInclude Include="FireRenderTransparentMaterial.h">
      <Filter>Materials</Filter>
    </ClInclude>
    <ClInclude Include="FireRenderIBL.h">
      <Filter>Environment</Filter>
    </ClInclude>
    <ClInclude Include="FireRenderLocationCmd.h">
      <Filter>Environment</Filter>
    </ClInclude>
    <ClInclude Include="FireRenderSkyLocator.h">
      <Filter>Environment</Filter>
    </ClInclude>
    <ClInclude Include="SkyAttributes.h">
      <Filter>Environment</Filter>
    </ClInclude>
    <ClInclude Include="SkyBuilder.h">
      <Filter>Environment</Filter>
    </ClInclude>
    <ClInclude Include="SkyGen.h">
      <Filter>Environment</Filter>
    </ClInclude>
    <ClInclude Include="SkyLocatorMesh.h">
      <Filter>Environment</Filter>
    </ClInclude>
    <ClInclude Include="FireRenderViewportOperation.h">
      <Filter>Viewport</Filter>
    </ClInclude>
    <ClInclude Include="FireRenderUtils.h">
      <Filter>Utils</Filter>
    </ClInclude>
    <ClInclude Include="FireRenderError.h">
      <Filter>Utils</Filter>
    </ClInclude>
    <ClInclude Include="DependencyNode.h">
      <Filter>Utils</Filter>
    </ClInclude>
    <ClInclude Include="AutoLock.h">
      <Filter>Utils</Filter>
    </ClInclude>
    <ClInclude Include="FileSystemUtils.h">
      <Filter>Utils</Filter>
    </ClInclude>
    <ClInclude Include="Logger.h">
      <Filter>Utils</Filter>
    </ClInclude>
    <ClInclude Include="FireRenderImageUtil.h">
      <Filter>Utils</Filter>
    </ClInclude>
    <ClInclude Include="FireRenderMath.h">
      <Filter>Utils</Filter>
    </ClInclude>
    <ClInclude Include="VRay.h">
      <Filter>Header Files</Filter>
    </ClInclude>
    <ClInclude Include="FireRenderConvertVRayCmd.h">
      <Filter>Commands</Filter>
    </ClInclude>
    <ClInclude Include="RenderCacheWarningDialog.h">
      <Filter>Commands</Filter>
    </ClInclude>
    <ClInclude Include="FireRenderThread.h">
      <Filter>Source Files</Filter>
    </ClInclude>
    <ClInclude Include="FireRenderDisplacement.h">
      <Filter>Materials</Filter>
    </ClInclude>
    <ClInclude Include="RenderStamp.h">
      <Filter>Header Files</Filter>
    </ClInclude>
    <ClInclude Include="FireRenderEnvironmentLight.h">
      <Filter>Environment</Filter>
    </ClInclude>
    <ClInclude Include="SubsurfaceMaterial.h">
      <Filter>Materials</Filter>
    </ClInclude>
    <ClInclude Include="FireRenderImageComparing.h">
      <Filter>Commands</Filter>
    </ClInclude>
    <ClInclude Include="FireRenderProduction.h">
      <Filter>Header Files</Filter>
    </ClInclude>
    <ClInclude Include="Hosek\ArHosekSkyModel.h">
      <Filter>Hosek</Filter>
    </ClInclude>
    <ClInclude Include="Hosek\ArHosekSkyModelData_CIEXYZ.h">
      <Filter>Hosek</Filter>
    </ClInclude>
    <ClInclude Include="Hosek\ArHosekSkyModelData_RGB.h">
      <Filter>Hosek</Filter>
    </ClInclude>
    <ClInclude Include="Hosek\ArHosekSkyModelData_Spectral.h">
      <Filter>Hosek</Filter>
    </ClInclude>
    <ClInclude Include="FireRenderShadowCatcherMaterial.h">
      <Filter>Materials</Filter>
    </ClInclude>
    <ClInclude Include="RprComposite.h">
      <Filter>Header Files</Filter>
    </ClInclude>
    <ClInclude Include="GLTFTranslator.h">
      <Filter>Header Files</Filter>
    </ClInclude>
    <ClInclude Include="FireRenderPBRMaterial.h">
      <Filter>Materials</Filter>
    </ClInclude>
    <ClInclude Include="Lights\IES\FireRenderIESLight.h">
      <Filter>Lights\IES</Filter>
    </ClInclude>
    <ClInclude Include="Lights\IES\IESLightLocatorMesh.h">
      <Filter>Lights\IES</Filter>
    </ClInclude>
    <ClInclude Include="Lights\PhysicalLight\FireRenderPhysicalLightLocator.h">
      <Filter>Lights\PhysicalLight</Filter>
    </ClInclude>
    <ClInclude Include="Lights\PhysicalLight\FireRenderPhysicalOverride.h">
      <Filter>Lights\PhysicalLight</Filter>
    </ClInclude>
    <ClInclude Include="Lights\PhysicalLight\PhysicalLightGeometryUtility.h">
      <Filter>Lights\PhysicalLight</Filter>
    </ClInclude>
    <ClInclude Include="Lights\PhysicalLight\PhysicalLightAttributes.h">
      <Filter>Lights\PhysicalLight</Filter>
    </ClInclude>
    <ClInclude Include="Lights\PhysicalLight\PhysicalLightData.h">
      <Filter>Lights\PhysicalLight</Filter>
    </ClInclude>
    <ClInclude Include="Translators\Translators.h">
      <Filter>Translators</Filter>
    </ClInclude>
    <ClInclude Include="Translators\MeshTranslator.h">
      <Filter>Translators</Filter>
    </ClInclude>
    <ClInclude Include="FireRenderAO.h">
      <Filter>Materials</Filter>
    </ClInclude>
    <ClInclude Include="OptionVarHelpers.h">
      <Filter>Header Files</Filter>
    </ClInclude>
    <ClInclude Include="attributeNames.h">
      <Filter>Header Files</Filter>
    </ClInclude>
    <ClInclude Include="FireRenderSwatchInstance.h">
      <Filter>Header Files</Filter>
    </ClInclude>
    <ClInclude Include="FireRenderContextIFace.h">
      <Filter>Header Files</Filter>
    </ClInclude>
    <ClInclude Include="Volumes\FireRenderVolumeLocator.h">
      <Filter>Volumes</Filter>
    </ClInclude>
    <ClInclude Include="Volumes\FireRenderVolumeOverride.h">
      <Filter>Volumes</Filter>
    </ClInclude>
    <ClInclude Include="Volumes\VolumeAttributes.h">
      <Filter>Volumes</Filter>
    </ClInclude>
    <ClInclude Include="FastNoise.h">
      <Filter>Utils</Filter>
    </ClInclude>
    <ClInclude Include="TileRenderer.h">
      <Filter>Header Files</Filter>
    </ClInclude>
    <ClInclude Include="RenderStampUtils.h">
      <Filter>Header Files</Filter>
    </ClInclude>
    <ClInclude Include="EnableSaveIntermediateCmd.h">
      <Filter>Commands</Filter>
    </ClInclude>
    <ClInclude Include="GlobalRenderUtilsDataHolder.h">
      <Filter>Utils</Filter>
    </ClInclude>
    <ClInclude Include="athenaCmd.h">
      <Filter>Header Files</Filter>
    </ClInclude>
    <ClInclude Include="FireRenderMeshMASH.h">
      <Filter>Header Files</Filter>
    </ClInclude>
    <ClInclude Include="Context\HybridContext.h">
      <Filter>Context</Filter>
    </ClInclude>
    <ClInclude Include="Context\TahoeContext.h">
      <Filter>Context</Filter>
    </ClInclude>
    <ClInclude Include="Context\ContextCreator.h">
      <Filter>Context</Filter>
    </ClInclude>
    <ClInclude Include="StartupContextChecker.h">
      <Filter>Utils</Filter>
    </ClInclude>
    <ClInclude Include="athenaSystemInfo_Win.h">
      <Filter>Utils</Filter>
    </ClInclude>
    <ClInclude Include="InstancerMASH.h">
      <Filter>Header Files</Filter>
    </ClInclude>
    <ClInclude Include="Context\FireRenderContext.h">
      <Filter>Context</Filter>
    </ClInclude>
    <ClInclude Include="FireRenderLayeredTextureUtils.h">
      <Filter>Utils</Filter>
    </ClInclude>
    <ClInclude Include="Translators\MultipleShaderMeshTranslator.h">
      <Filter>Translators</Filter>
    </ClInclude>
    <ClInclude Include="Translators\SingleShaderMeshTranslator.h">
      <Filter>Translators</Filter>
    </ClInclude>
    <ClInclude Include="MayaStandardNodesSupport\AddDoubleLinearConverter.h">
      <Filter>MayaStandardNodesSupport</Filter>
    </ClInclude>
    <ClInclude Include="MayaStandardNodesSupport\BaseConverter.h">
      <Filter>MayaStandardNodesSupport</Filter>
    </ClInclude>
    <ClInclude Include="MayaStandardNodesSupport\BlendColorsConverter.h">
      <Filter>MayaStandardNodesSupport</Filter>
    </ClInclude>
    <ClInclude Include="MayaStandardNodesSupport\Bump2dConverter.h">
      <Filter>MayaStandardNodesSupport</Filter>
    </ClInclude>
    <ClInclude Include="MayaStandardNodesSupport\ContrastConverter.h">
      <Filter>MayaStandardNodesSupport</Filter>
    </ClInclude>
    <ClInclude Include="MayaStandardNodesSupport\FileNodeConverter.h">
      <Filter>MayaStandardNodesSupport</Filter>
    </ClInclude>
    <ClInclude Include="MayaStandardNodesSupport\MultDoubleLinearConverter.h">
      <Filter>MayaStandardNodesSupport</Filter>
    </ClInclude>
    <ClInclude Include="MayaStandardNodesSupport\MultiplyDivideConverter.h">
      <Filter>MayaStandardNodesSupport</Filter>
    </ClInclude>
    <ClInclude Include="MayaStandardNodesSupport\NodeCheckerConverter.h">
      <Filter>MayaStandardNodesSupport</Filter>
    </ClInclude>
    <ClInclude Include="MayaStandardNodesSupport\NodeConverterUtil.h">
      <Filter>MayaStandardNodesSupport</Filter>
    </ClInclude>
    <ClInclude Include="MayaStandardNodesSupport\NoiseConverter.h">
      <Filter>MayaStandardNodesSupport</Filter>
    </ClInclude>
    <ClInclude Include="MayaStandardNodesSupport\Place2dTextureConverter.h">
      <Filter>MayaStandardNodesSupport</Filter>
    </ClInclude>
    <ClInclude Include="MayaStandardNodesSupport\PlusMinusAverageConverter.h">
      <Filter>MayaStandardNodesSupport</Filter>
    </ClInclude>
    <ClInclude Include="MayaStandardNodesSupport\ReverseMapConverter.h">
      <Filter>MayaStandardNodesSupport</Filter>
    </ClInclude>
    <ClInclude Include="MayaStandardNodesSupport\VectorProductConverter.h">
      <Filter>MayaStandardNodesSupport</Filter>
    </ClInclude>
    <ClInclude Include="MayaStandardNodesSupport\RampNodeConverter.h">
      <Filter>MayaStandardNodesSupport</Filter>
    </ClInclude>
    <ClInclude Include="MayaStandardNodesSupport\GammaCorrectConverter.h">
      <Filter>MayaStandardNodesSupport</Filter>
    </ClInclude>
    <ClInclude Include="MayaStandardNodesSupport\RemapHSVConverter.h">
      <Filter>MayaStandardNodesSupport</Filter>
    </ClInclude>
    <ClInclude Include="MayaStandardNodesSupport\BlendTwoAttrConverter.h">
      <Filter>MayaStandardNodesSupport</Filter>
    </ClInclude>
    <ClInclude Include="MayaStandardNodesSupport\ClampConverter.h">
      <Filter>MayaStandardNodesSupport</Filter>
    </ClInclude>
    <ClInclude Include="MayaStandardNodesSupport\ColorMathConverter.h">
      <Filter>MayaStandardNodesSupport</Filter>
    </ClInclude>
    <ClInclude Include="MayaStandardNodesSupport\HSVToRGBConverter.h">
      <Filter>MayaStandardNodesSupport</Filter>
    </ClInclude>
    <ClInclude Include="MayaStandardNodesSupport\RGBToHSVConverter.h">
      <Filter>MayaStandardNodesSupport</Filter>
    </ClInclude>
    <ClInclude Include="MayaStandardNodesSupport\ProjectionNodeConverter.h">
      <Filter>MayaStandardNodesSupport</Filter>
    </ClInclude>
    <ClInclude Include="MayaStandardNodesSupport\NodeProcessingUtils.h">
      <Filter>MayaStandardNodesSupport</Filter>
    </ClInclude>
    <ClInclude Include="..\RadeonProRenderSharedComponents\src\Athena\athenaWrap.h">
      <Filter>Header Files</Filter>
    </ClInclude>
    <ClInclude Include="..\RadeonProRenderSharedComponents\src\SunPosition\SPA.h">
      <Filter>Header Files</Filter>
    </ClInclude>
    <ClInclude Include="..\RadeonProRenderSharedComponents\src\IESLight\IESLightRepresentationCalc.h">
      <Filter>Header Files</Filter>
    </ClInclude>
    <ClInclude Include="..\RadeonProRenderSharedComponents\src\IESLight\IESprocessor.h">
      <Filter>Header Files</Filter>
    </ClInclude>
    <ClInclude Include="..\RadeonProRenderSharedComponents\src\ImageFilter\ImageFilter.h">
      <Filter>Header Files</Filter>
    </ClInclude>
    <ClInclude Include="..\RadeonProRenderSharedComponents\src\Utils\Utils.h">
      <Filter>Header Files</Filter>
    </ClInclude>
    <ClInclude Include="..\RadeonProRenderSharedComponents\src\XMLMaterialExport\XMLMaterialExportCommon.h">
      <Filter>Header Files</Filter>
    </ClInclude>
    <ClInclude Include="MayaStandardNodesSupport\RemapValueConverter.h">
      <Filter>MayaStandardNodesSupport</Filter>
    </ClInclude>
    <ClInclude Include="MayaStandardNodesSupport\SetRangeConverter.h">
      <Filter>MayaStandardNodesSupport</Filter>
    </ClInclude>
    <ClInclude Include="..\RadeonProRenderSharedComponents\src\Athena\athenaWrap.h">
      <Filter>Header Files</Filter>
    </ClInclude>
    <ClInclude Include="..\RadeonProRenderSharedComponents\src\SunPosition\SPA.h">
      <Filter>Header Files</Filter>
    </ClInclude>
    <ClInclude Include="..\RadeonProRenderSharedComponents\src\IESLight\IESLightRepresentationCalc.h">
      <Filter>Header Files</Filter>
    </ClInclude>
    <ClInclude Include="..\RadeonProRenderSharedComponents\src\IESLight\IESprocessor.h">
      <Filter>Header Files</Filter>
    </ClInclude>
    <ClInclude Include="..\RadeonProRenderSharedComponents\src\ImageFilter\ImageFilter.h">
      <Filter>Header Files</Filter>
    </ClInclude>
    <ClInclude Include="..\RadeonProRenderSharedComponents\src\Utils\Utils.h">
      <Filter>Header Files</Filter>
    </ClInclude>
    <ClInclude Include="..\RadeonProRenderSharedComponents\src\XMLMaterialExport\XMLMaterialExportCommon.h">
      <Filter>Header Files</Filter>
    </ClInclude>
    <ClInclude Include="Lights\FireRenderLightCommon.h">
      <Filter>Lights</Filter>
    </ClInclude>
    <ClInclude Include="CompositeWrapper.h">
      <Filter>Header Files</Filter>
    </ClInclude>
    <ClInclude Include="FireRenderGPUCache.h">
      <Filter>Header Files</Filter>
    </ClInclude>
    <ClInclude Include="..\RadeonProRenderSharedComponents\src\Alembic\AlembicWrapper.hpp">
      <Filter>Header Files</Filter>
    </ClInclude>
    <ClInclude Include="NorthStarRenderingHelper.h">
      <Filter>Header Files</Filter>
    </ClInclude>
    <ClInclude Include="AnimationExporter.h">
      <Filter>Header Files</Filter>
    </ClInclude>
    <ClInclude Include="RenderViewUpdater.h">
      <Filter>Header Files</Filter>
    </ClInclude>
    <ClInclude Include="FireRenderToonMaterial.h">
      <Filter>Materials</Filter>
    </ClInclude>
    <ClInclude Include="ViewportTexture.h">
      <Filter>Header Files</Filter>
    </ClInclude>
    <ClInclude Include="FireRenderVoronoi.h">
      <Filter>Materials</Filter>
    </ClInclude>
    <ClInclude Include="Context\HybridProContext.h">
      <Filter>Context</Filter>
    </ClInclude>
    <ClInclude Include="FireRenderRamp.h">
      <Filter>Source Files</Filter>
    </ClInclude>
    <ClInclude Include="FireRenderDoublesided.h">
      <Filter>Source Files</Filter>
    </ClInclude>
    <ClInclude Include="FireRenderBevel.h">
      <Filter>Source Files</Filter>
    </ClInclude>
    <ClInclude Include="FireRenderMaterialXMaterial.h">
      <Filter>Header Files</Filter>
    </ClInclude>
    <ClInclude Include="FireRenderImportMaterialX.h">
      <Filter>Source Files</Filter>
    </ClInclude>
    <ClInclude Include="FireRenderMaterialXMaterial.h">
      <Filter>Header Files</Filter>
    </ClInclude>
    <ClInclude Include="FireRenderImportMaterialX.h">
      <Filter>Source Files</Filter>
    </ClInclude>
    <ClInclude Include="VulcanUtils.h">
      <Filter>Utils</Filter>
    </ClInclude>
  </ItemGroup>
  <ItemGroup>
    <Text Include="scripts\registerFireRender.mel">
      <Filter>Resources\Scripts</Filter>
    </Text>
    <Text Include="docs\Material Node Parameters.txt">
      <Filter>docs</Filter>
    </Text>
    <Text Include="docs\Context Parameters.txt">
      <Filter>docs</Filter>
    </Text>
  </ItemGroup>
  <ItemGroup>
    <Xml Include="renderDesc\FireRenderRenderer.xml" />
  </ItemGroup>
  <ItemGroup>
    <Image Include="icons\FireRenderAddMaterial.png">
      <Filter>Resources\Icons</Filter>
    </Image>
    <Image Include="icons\amd.png">
      <Filter>Resources\Icons</Filter>
    </Image>
    <Image Include="icons\FireRenderBlendMaterial.png">
      <Filter>Resources\Icons</Filter>
    </Image>
    <Image Include="icons\FireRenderFresnel.png">
      <Filter>Resources\Icons</Filter>
    </Image>
    <Image Include="icons\FireRenderIBL.png">
      <Filter>Resources\Icons</Filter>
    </Image>
    <Image Include="icons\FireRenderMaterial.png">
      <Filter>Resources\Icons</Filter>
    </Image>
    <Image Include="icons\FireRenderSky.png">
      <Filter>Resources\Icons</Filter>
    </Image>
    <Image Include="icons\FireRenderStandardMaterial.png">
      <Filter>Resources\Icons</Filter>
    </Image>
    <Image Include="icons\out_FireRenderAddMaterial.png">
      <Filter>Resources\Icons</Filter>
    </Image>
    <Image Include="icons\out_FireRenderBlendMaterial.png">
      <Filter>Resources\Icons</Filter>
    </Image>
    <Image Include="icons\out_FireRenderFresnel.png">
      <Filter>Resources\Icons</Filter>
    </Image>
    <Image Include="icons\out_FireRenderIBL.png">
      <Filter>Resources\Icons</Filter>
    </Image>
    <Image Include="icons\out_FireRenderMaterial.png">
      <Filter>Resources\Icons</Filter>
    </Image>
    <Image Include="icons\out_FireRenderSky.png">
      <Filter>Resources\Icons</Filter>
    </Image>
    <Image Include="icons\out_FireRenderStandardMaterial.png">
      <Filter>Resources\Icons</Filter>
    </Image>
    <Image Include="icons\render_FireRenderAddMaterial.png">
      <Filter>Resources\Icons</Filter>
    </Image>
    <Image Include="icons\render_FireRenderBlendMaterial.png">
      <Filter>Resources\Icons</Filter>
    </Image>
    <Image Include="icons\render_FireRenderFresnel.png">
      <Filter>Resources\Icons</Filter>
    </Image>
    <Image Include="icons\render_FireRenderIBL.png">
      <Filter>Resources\Icons</Filter>
    </Image>
    <Image Include="icons\render_FireRenderMaterial.png">
      <Filter>Resources\Icons</Filter>
    </Image>
    <Image Include="icons\render_FireRenderSky.png">
      <Filter>Resources\Icons</Filter>
    </Image>
    <Image Include="icons\render_FireRenderStandardMaterial.png">
      <Filter>Resources\Icons</Filter>
    </Image>
    <Image Include="icons\FireRenderDot.png">
      <Filter>Resources\Icons</Filter>
    </Image>
    <Image Include="icons\shelf\RPRDocs.png">
      <Filter>Resources\Icons\Shelf</Filter>
    </Image>
    <Image Include="icons\shelf\RPREmissive.png">
      <Filter>Resources\Icons\Shelf</Filter>
    </Image>
    <Image Include="icons\shelf\RPRIBL.png">
      <Filter>Resources\Icons\Shelf</Filter>
    </Image>
    <Image Include="icons\shelf\RPRInfo.png">
      <Filter>Resources\Icons\Shelf</Filter>
    </Image>
    <Image Include="icons\shelf\RPRQuality.png">
      <Filter>Resources\Icons\Shelf</Filter>
    </Image>
    <Image Include="icons\shelf\RPRSettings.png">
      <Filter>Resources\Icons\Shelf</Filter>
    </Image>
    <Image Include="icons\shelf\RPRSky.png">
      <Filter>Resources\Icons\Shelf</Filter>
    </Image>
    <Image Include="icons\shelf\RPRStart.png">
      <Filter>Resources\Icons\Shelf</Filter>
    </Image>
    <Image Include="icons\shelf\RPRXMLImport.png">
      <Filter>Resources\Icons\Shelf</Filter>
    </Image>
  </ItemGroup>
  <ItemGroup>
    <ResourceCompile Include="fireRender.rc" />
  </ItemGroup>
  <ItemGroup>
    <FxCompile Include="shaders\rprBlitColor10.fx">
      <Filter>Resources\Shaders</Filter>
    </FxCompile>
  </ItemGroup>
</Project>